
Microsoft Visual Studio Solution File, Format Version 12.00
# Visual Studio Version 17
VisualStudioVersion = 17.14.36511.14 d17.14
MinimumVisualStudioVersion = 10.0.40219.1
Project("{FAE04EC0-301F-11D3-BF4B-00C04F79EFBC}") = "KindaGoodPrivacy", "KindaGoodPrivacy.csproj", "{E57F79B0-5FDB-44C8-8C4B-4788CF25254E}"
EndProject
Global
	GlobalSection(SolutionConfigurationPlatforms) = preSolution
		Debug|Any CPU = Debug|Any CPU
		Release|Any CPU = Release|Any CPU
	EndGlobalSection
	GlobalSection(ProjectConfigurationPlatforms) = postSolution
		{E57F79B0-5FDB-44C8-8C4B-4788CF25254E}.Debug|Any CPU.ActiveCfg = Debug|Any CPU
		{E57F79B0-5FDB-44C8-8C4B-4788CF25254E}.Debug|Any CPU.Build.0 = Debug|Any CPU
		{E57F79B0-5FDB-44C8-8C4B-4788CF25254E}.Release|Any CPU.ActiveCfg = Release|Any CPU
		{E57F79B0-5FDB-44C8-8C4B-4788CF25254E}.Release|Any CPU.Build.0 = Release|Any CPU
	EndGlobalSection
	GlobalSection(SolutionProperties) = preSolution
		HideSolutionNode = FALSE
	EndGlobalSection
	GlobalSection(ExtensibilityGlobals) = postSolution
		SolutionGuid = {681FE505-AA87-4D49-94BC-F59F387FB0F3}
	EndGlobalSection
EndGlobal
